using System;

namespace Program
{
    class Program
    {
        static void Main(string[] args)
        {
            int correct = 0;     
            Console.WriteLine("Welcome to Quiz.");
            Console.WriteLine();
            Console.WriteLine("------------------------");
            Console.WriteLine("There will be 5 questions asked. Are you ready? (Y/N)");
            string answer = Console.ReadLine().Trim().ToLower();
            if (answer == "y"){
                Console.WriteLine("Proceeding.");
                    Console.WriteLine("What is the most used programming language?");
                    Console.WriteLine("A: Python B: C# C: C++ D: Java");
                    string response = Console.ReadLine().Trim().ToLower();
                    if (response == "python" || response == "a")
                    {
                        Console.WriteLine("Congrats, that was correct. Moving onto the next question.");
                        correct++;
                    }
                else
                {
                    Console.WriteLine("Sorry, that was incorrect. Moving onto the next question.");
                }
                Console.WriteLine("Question 2:");
                Console.WriteLine("Which one of these is a programming language?");
                Console.WriteLine();
                Console.WriteLine("A: HTML B: Scratch C: Stackoverflow D: Java");
                string answer2 = Console.ReadLine().Trim().ToLower();
                if (answer2 == "d" || answer2 == "java")
                {
                    Console.WriteLine("Congrats, that was correct. Moving onto the next question.");
                    correct++;
                }
                else
                {
                    Console.WriteLine("Sorry, that was incorrect. Moving onto the next question.");

                }
                Console.WriteLine("Question 3:");
                Console.WriteLine("Which one of these is a web language?");
                Console.WriteLine();
                Console.WriteLine("A: Java B: BASIC C: JavaScript D: Visual Studio");
                string answer3 = Console.ReadLine().Trim().ToLower();
                if (answer3 == "c" || answer3 == "javascript")
                {
                    Console.WriteLine("Congrats, that was correct. Moving onto the next question.");
                    correct++;
                }
                else
                {
                    Console.WriteLine("Sorry, that was incorrect. Moving onto the next question.");
                }
                Console.WriteLine("Question 4:");
                Console.WriteLine("Who made C#?");
                Console.WriteLine();
                Console.WriteLine("A: Valve B: Microsoft C: .NET D: C#Core");
                string answer4 = Console.ReadLine().Trim().ToLower();
                if (answer4 == "b" || answer4 == "microsoft")
                {
                    Console.WriteLine("Congrats, that was correct. Moving onto the final question.");
                    correct++;
                }
                else
                {
                    Console.WriteLine("Sorry, that was incorrect. Moving onto the next question.");
                }
                Console.WriteLine("Question 5:");
                Console.WriteLine("C# is a(n) ____ language");
                Console.WriteLine();
                Console.WriteLine("A: Simple B: Object Oriented Programming C: Weak D: None of these");
                string answer5 = Console.ReadLine().Trim().ToLower();
                if (answer5 == "b" || answer5 == "object oriented programming")
                {
                    correct++;
                    Console.WriteLine($"Congrats, that was correct. Total questions that you got correct: {correct}");
                }
                else
                {
                    Console.WriteLine($"Sorry, that was incorrect. Total questions that you got correct: {correct}");

                }
            }
            else
            {
                Console.WriteLine("Closing the app.");
            }            
        }
    }
}
